
Microsoft Visual Studio Solution File, Format Version 12.00
# Visual Studio Version 16
VisualStudioVersion = 16.0.28803.352
MinimumVisualStudioVersion = 10.0.40219.1
Project("{9A19103F-16F7-4668-BE54-9A1E7A4F7556}") = "FilmData", "FilmData\FilmData.csproj", "{B2A22765-4A3D-49AD-9421-1D903BAA3FD0}"
EndProject
Project("{FAE04EC0-301F-11D3-BF4B-00C04F79EFBC}") = "FilmData.UI", "FilmData.UI\FilmData.UI.csproj", "{DC4B509D-5223-4CE6-BA59-C73827672E23}"
EndProject
Project("{FAE04EC0-301F-11D3-BF4B-00C04F79EFBC}") = "FilmData.Web", "FilmData.Web\FilmData.Web.csproj", "{28641543-F034-4533-9676-C974AA5DE45F}"
EndProject
Global
	GlobalSection(SolutionConfigurationPlatforms) = preSolution
		Debug|Any CPU = Debug|Any CPU
		Release|Any CPU = Release|Any CPU
	EndGlobalSection
	GlobalSection(ProjectConfigurationPlatforms) = postSolution
		{B2A22765-4A3D-49AD-9421-1D903BAA3FD0}.Debug|Any CPU.ActiveCfg = Debug|Any CPU
		{B2A22765-4A3D-49AD-9421-1D903BAA3FD0}.Debug|Any CPU.Build.0 = Debug|Any CPU
		{B2A22765-4A3D-49AD-9421-1D903BAA3FD0}.Release|Any CPU.ActiveCfg = Release|Any CPU
		{B2A22765-4A3D-49AD-9421-1D903BAA3FD0}.Release|Any CPU.Build.0 = Release|Any CPU
		{DC4B509D-5223-4CE6-BA59-C73827672E23}.Debug|Any CPU.ActiveCfg = Debug|Any CPU
		{DC4B509D-5223-4CE6-BA59-C73827672E23}.Debug|Any CPU.Build.0 = Debug|Any CPU
		{DC4B509D-5223-4CE6-BA59-C73827672E23}.Release|Any CPU.ActiveCfg = Release|Any CPU
		{DC4B509D-5223-4CE6-BA59-C73827672E23}.Release|Any CPU.Build.0 = Release|Any CPU
		{28641543-F034-4533-9676-C974AA5DE45F}.Debug|Any CPU.ActiveCfg = Debug|Any CPU
		{28641543-F034-4533-9676-C974AA5DE45F}.Debug|Any CPU.Build.0 = Debug|Any CPU
		{28641543-F034-4533-9676-C974AA5DE45F}.Release|Any CPU.ActiveCfg = Release|Any CPU
		{28641543-F034-4533-9676-C974AA5DE45F}.Release|Any CPU.Build.0 = Release|Any CPU
	EndGlobalSection
	GlobalSection(SolutionProperties) = preSolution
		HideSolutionNode = FALSE
	EndGlobalSection
	GlobalSection(ExtensibilityGlobals) = postSolution
		SolutionGuid = {5BDC3BD0-8CAC-4F04-B778-894C6F5A9423}
	EndGlobalSection
EndGlobal
